// !$*UTF8*$!
{
	archiveVersion = 1;
	classes = {
	};
	objectVersion = 48;
	objects = {

/* Begin PBXBuildFile section */
		0E56BF242012676400461581 /* ChatCell.swift in Sources */ = {isa = PBXBuildFile; fileRef = 0E56BF232012676400461581 /* ChatCell.swift */; };
		0E56BF2620126E7600461581 /* KeyboardUtility.swift in Sources */ = {isa = PBXBuildFile; fileRef = 0E56BF2520126E7500461581 /* KeyboardUtility.swift */; };
		0E85F208200149F900DA569E /* AppDelegate.swift in Sources */ = {isa = PBXBuildFile; fileRef = 0E85F207200149F900DA569E /* AppDelegate.swift */; };
		0E85F20A200149F900DA569E /* ViewController.swift in Sources */ = {isa = PBXBuildFile; fileRef = 0E85F209200149F900DA569E /* ViewController.swift */; };
		0E85F20D200149F900DA569E /* Main.storyboard in Resources */ = {isa = PBXBuildFile; fileRef = 0E85F20B200149F900DA569E /* Main.storyboard */; };
		0E85F20F200149F900DA569E /* Assets.xcassets in Resources */ = {isa = PBXBuildFile; fileRef = 0E85F20E200149F900DA569E /* Assets.xcassets */; };
		0E85F212200149F900DA569E /* LaunchScreen.storyboard in Resources */ = {isa = PBXBuildFile; fileRef = 0E85F210200149F900DA569E /* LaunchScreen.storyboard */; };
		FEF35BFD9D1A5C1149B8B1E6 /* Pods_SlimeSoccer.framework in Frameworks */ = {isa = PBXBuildFile; fileRef = EA825DBE98EB6891C330B5E4 /* Pods_SlimeSoccer.framework */; };
/* End PBXBuildFile section */

/* Begin PBXFileReference section */
		0E56BF232012676400461581 /* ChatCell.swift */ = {isa = PBXFileReference; lastKnownFileType = sourcecode.swift; path = ChatCell.swift; sourceTree = "<group>"; };
		0E56BF2520126E7500461581 /* KeyboardUtility.swift */ = {isa = PBXFileReference; fileEncoding = 4; lastKnownFileType = sourcecode.swift; path = KeyboardUtility.swift; sourceTree = "<group>"; };
		0E85F204200149F900DA569E /* SlimeSoccer.app */ = {isa = PBXFileReference; explicitFileType = wrapper.application; includeInIndex = 0; path = SlimeSoccer.app; sourceTree = BUILT_PRODUCTS_DIR; };
		0E85F207200149F900DA569E /* AppDelegate.swift */ = {isa = PBXFileReference; lastKnownFileType = sourcecode.swift; path = AppDelegate.swift; sourceTree = "<group>"; };
		0E85F209200149F900DA569E /* ViewController.swift */ = {isa = PBXFileReference; lastKnownFileType = sourcecode.swift; path = ViewController.swift; sourceTree = "<group>"; };
		0E85F20C200149F900DA569E /* Base */ = {isa = PBXFileReference; lastKnownFileType = file.storyboard; name = Base; path = Base.lproj/Main.storyboard; sourceTree = "<group>"; };
		0E85F20E200149F900DA569E /* Assets.xcassets */ = {isa = PBXFileReference; lastKnownFileType = folder.assetcatalog; path = Assets.xcassets; sourceTree = "<group>"; };
		0E85F211200149F900DA569E /* Base */ = {isa = PBXFileReference; lastKnownFileType = file.storyboard; name = Base; path = Base.lproj/LaunchScreen.storyboard; sourceTree = "<group>"; };
		0E85F213200149F900DA569E /* Info.plist */ = {isa = PBXFileReference; lastKnownFileType = text.plist.xml; path = Info.plist; sourceTree = "<group>"; };
		9C2AB539A1C81096E125412F /* Pods-SlimeSoccer.release.xcconfig */ = {isa = PBXFileReference; includeInIndex = 1; lastKnownFileType = text.xcconfig; name = "Pods-SlimeSoccer.release.xcconfig"; path = "../Pods/Target Support Files/Pods-SlimeSoccer/Pods-SlimeSoccer.release.xcconfig"; sourceTree = "<group>"; };
		EA825DBE98EB6891C330B5E4 /* Pods_SlimeSoccer.framework */ = {isa = PBXFileReference; explicitFileType = wrapper.framework; includeInIndex = 0; path = Pods_SlimeSoccer.framework; sourceTree = BUILT_PRODUCTS_DIR; };
		F34F821DBAB581A2BFD3F4DD /* Pods-SlimeSoccer.debug.xcconfig */ = {isa = PBXFileReference; includeInIndex = 1; lastKnownFileType = text.xcconfig; name = "Pods-SlimeSoccer.debug.xcconfig"; path = "../Pods/Target Support Files/Pods-SlimeSoccer/Pods-SlimeSoccer.debug.xcconfig"; sourceTree = "<group>"; };
/* End PBXFileReference section */

/* Begin PBXFrameworksBuildPhase section */
		0E85F201200149F900DA569E /* Frameworks */ = {
			isa = PBXFrameworksBuildPhase;
			buildActionMask = 2147483647;
			files = (
				FEF35BFD9D1A5C1149B8B1E6 /* Pods_SlimeSoccer.framework in Frameworks */,
			);
			runOnlyForDeploymentPostprocessing = 0;
		};
/* End PBXFrameworksBuildPhase section */

/* Begin PBXGroup section */
		0E85F1FB200149F900DA569E = {
			isa = PBXGroup;
			children = (
				0E85F206200149F900DA569E /* SlimeSoccer */,
				0E85F205200149F900DA569E /* Products */,
				84D0FF27CACA23E230118055 /* Pods */,
				460FD65112D542A20FE575BF /* Frameworks */,
			);
			sourceTree = "<group>";
		};
		0E85F205200149F900DA569E /* Products */ = {
			isa = PBXGroup;
			children = (
				0E85F204200149F900DA569E /* SlimeSoccer.app */,
			);
			name = Products;
			sourceTree = "<group>";
		};
		0E85F206200149F900DA569E /* SlimeSoccer */ = {
			isa = PBXGroup;
			children = (
				0E56BF2520126E7500461581 /* KeyboardUtility.swift */,
				0E85F207200149F900DA569E /* AppDelegate.swift */,
				0E85F209200149F900DA569E /* ViewController.swift */,
				0E56BF232012676400461581 /* ChatCell.swift */,
				0E85F20B200149F900DA569E /* Main.storyboard */,
				0E85F20E200149F900DA569E /* Assets.xcassets */,
				0E85F210200149F900DA569E /* LaunchScreen.storyboard */,
				0E85F213200149F900DA569E /* Info.plist */,
			);
			path = SlimeSoccer;
			sourceTree = "<group>";
		};
		460FD65112D542A20FE575BF /* Frameworks */ = {
			isa = PBXGroup;
			children = (
				EA825DBE98EB6891C330B5E4 /* Pods_SlimeSoccer.framework */,
			);
			name = Frameworks;
			sourceTree = "<group>";
		};
		84D0FF27CACA23E230118055 /* Pods */ = {
			isa = PBXGroup;
			children = (
				F34F821DBAB581A2BFD3F4DD /* Pods-SlimeSoccer.debug.xcconfig */,
				9C2AB539A1C81096E125412F /* Pods-SlimeSoccer.release.xcconfig */,
			);
			name = Pods;
			sourceTree = "<group>";
		};
/* End PBXGroup section */

/* Begin PBXNativeTarget section */
		0E85F203200149F900DA569E /* SlimeSoccer */ = {
			isa = PBXNativeTarget;
			buildConfigurationList = 0E85F216200149F900DA569E /* Build configuration list for PBXNativeTarget "SlimeSoccer" */;
			buildPhases = (
				C3F5C9BCF37DD5A3C19C55FE /* [CP] Check Pods Manifest.lock */,
				0E85F200200149F900DA569E /* Sources */,
				0E85F201200149F900DA569E /* Frameworks */,
				0E85F202200149F900DA569E /* Resources */,
				09F73F67DF88A339B6564D6A /* [CP] Embed Pods Frameworks */,
				57FB0CA3AC77D46E5982DDA9 /* [CP] Copy Pods Resources */,
			);
			buildRules = (
			);
			dependencies = (
			);
			name = SlimeSoccer;
			productName = SlimeSoccer;
			productReference = 0E85F204200149F900DA569E /* SlimeSoccer.app */;
			productType = "com.apple.product-type.application";
		};
/* End PBXNativeTarget section */

/* Begin PBXProject section */
		0E85F1FC200149F900DA569E /* Project object */ = {
			isa = PBXProject;
			attributes = {
				LastSwiftUpdateCheck = 0920;
				LastUpgradeCheck = 0920;
				ORGANIZATIONNAME = Coletiv;
				TargetAttributes = {
					0E85F203200149F900DA569E = {
						CreatedOnToolsVersion = 9.2;
						ProvisioningStyle = Automatic;
					};
				};
			};
			buildConfigurationList = 0E85F1FF200149F900DA569E /* Build configuration list for PBXProject "SlimeSoccer" */;
			compatibilityVersion = "Xcode 8.0";
			developmentRegion = en;
			hasScannedForEncodings = 0;
			knownRegions = (
				en,
				Base,
			);
			mainGroup = 0E85F1FB200149F900DA569E;
			productRefGroup = 0E85F205200149F900DA569E /* Products */;
			projectDirPath = "";
			projectRoot = "";
			targets = (
				0E85F203200149F900DA569E /* SlimeSoccer */,
			);
		};
/* End PBXProject section */

/* Begin PBXResourcesBuildPhase section */
		0E85F202200149F900DA569E /* Resources */ = {
			isa = PBXResourcesBuildPhase;
			buildActionMask = 2147483647;
			files = (
				0E85F212200149F900DA569E /* LaunchScreen.storyboard in Resources */,
				0E85F20F200149F900DA569E /* Assets.xcassets in Resources */,
				0E85F20D200149F900DA569E /* Main.storyboard in Resources */,
			);
			runOnlyForDeploymentPostprocessing = 0;
		};
/* End PBXResourcesBuildPhase section */

/* Begin PBXShellScriptBuildPhase section */
		09F73F67DF88A339B6564D6A /* [CP] Embed Pods Frameworks */ = {
			isa = PBXShellScriptBuildPhase;
			buildActionMask = 2147483647;
			files = (
			);
			inputPaths = (
				"${SRCROOT}/../Pods/Target Support Files/Pods-SlimeSoccer/Pods-SlimeSoccer-frameworks.sh",
				"${BUILT_PRODUCTS_DIR}/Starscream/Starscream.framework",
				"${BUILT_PRODUCTS_DIR}/SwiftPhoenixClient/SwiftPhoenixClient.framework",
			);
			name = "[CP] Embed Pods Frameworks";
			outputPaths = (
				"${TARGET_BUILD_DIR}/${FRAMEWORKS_FOLDER_PATH}/Starscream.framework",
				"${TARGET_BUILD_DIR}/${FRAMEWORKS_FOLDER_PATH}/SwiftPhoenixClient.framework",
			);
			runOnlyForDeploymentPostprocessing = 0;
			shellPath = /bin/sh;
			shellScript = "\"${SRCROOT}/../Pods/Target Support Files/Pods-SlimeSoccer/Pods-SlimeSoccer-frameworks.sh\"\n";
			showEnvVarsInLog = 0;
		};
		57FB0CA3AC77D46E5982DDA9 /* [CP] Copy Pods Resources */ = {
			isa = PBXShellScriptBuildPhase;
			buildActionMask = 2147483647;
			files = (
			);
			inputPaths = (
			);
			name = "[CP] Copy Pods Resources";
			outputPaths = (
			);
			runOnlyForDeploymentPostprocessing = 0;
			shellPath = /bin/sh;
			shellScript = "\"${SRCROOT}/../Pods/Target Support Files/Pods-SlimeSoccer/Pods-SlimeSoccer-resources.sh\"\n";
			showEnvVarsInLog = 0;
		};
		C3F5C9BCF37DD5A3C19C55FE /* [CP] Check Pods Manifest.lock */ = {
			isa = PBXShellScriptBuildPhase;
			buildActionMask = 2147483647;
			files = (
			);
			inputPaths = (
				"${PODS_PODFILE_DIR_PATH}/Podfile.lock",
				"${PODS_ROOT}/Manifest.lock",
			);
			name = "[CP] Check Pods Manifest.lock";
			outputPaths = (
				"$(DERIVED_FILE_DIR)/Pods-SlimeSoccer-checkManifestLockResult.txt",
			);
			runOnlyForDeploymentPostprocessing = 0;
			shellPath = /bin/sh;
			shellScript = "diff \"${PODS_PODFILE_DIR_PATH}/Podfile.lock\" \"${PODS_ROOT}/Manifest.lock\" > /dev/null\nif [ $? != 0 ] ; then\n    # print error to STDERR\n    echo \"error: The sandbox is not in sync with the Podfile.lock. Run 'pod install' or update your CocoaPods installation.\" >&2\n    exit 1\nfi\n# This output is used by Xcode 'outputs' to avoid re-running this script phase.\necho \"SUCCESS\" > \"${SCRIPT_OUTPUT_FILE_0}\"\n";
			showEnvVarsInLog = 0;
		};
/* End PBXShellScriptBuildPhase section */

/* Begin PBXSourcesBuildPhase section */
		0E85F200200149F900DA569E /* Sources */ = {
			isa = PBXSourcesBuildPhase;
			buildActionMask = 2147483647;
			files = (
				0E85F20A200149F900DA569E /* ViewController.swift in Sources */,
				0E56BF2620126E7600461581 /* KeyboardUtility.swift in Sources */,
				0E85F208200149F900DA569E /* AppDelegate.swift in Sources */,
				0E56BF242012676400461581 /* ChatCell.swift in Sources */,
			);
			runOnlyForDeploymentPostprocessing = 0;
		};
/* End PBXSourcesBuildPhase section */

/* Begin PBXVariantGroup section */
		0E85F20B200149F900DA569E /* Main.storyboard */ = {
			isa = PBXVariantGroup;
			children = (
				0E85F20C200149F900DA569E /* Base */,
			);
			name = Main.storyboard;
			sourceTree = "<group>";
		};
		0E85F210200149F900DA569E /* LaunchScreen.storyboard */ = {
			isa = PBXVariantGroup;
			children = (
				0E85F211200149F900DA569E /* Base */,
			);
			name = LaunchScreen.storyboard;
			sourceTree = "<group>";
		};
/* End PBXVariantGroup section */

/* Begin XCBuildConfiguration section */
		0E85F214200149F900DA569E /* Debug */ = {
			isa = XCBuildConfiguration;
			buildSettings = {
				ALWAYS_SEARCH_USER_PATHS = NO;
				CLANG_ANALYZER_NONNULL = YES;
				CLANG_ANALYZER_NUMBER_OBJECT_CONVERSION = YES_AGGRESSIVE;
				CLANG_CXX_LANGUAGE_STANDARD = "gnu++14";
				CLANG_CXX_LIBRARY = "libc++";
				CLANG_ENABLE_MODULES = YES;
				CLANG_ENABLE_OBJC_ARC = YES;
				CLANG_WARN_BLOCK_CAPTURE_AUTORELEASING = YES;
				CLANG_WARN_BOOL_CONVERSION = YES;
				CLANG_WARN_COMMA = YES;
				CLANG_WARN_CONSTANT_CONVERSION = YES;
				CLANG_WARN_DIRECT_OBJC_ISA_USAGE = YES_ERROR;
				CLANG_WARN_DOCUMENTATION_COMMENTS = YES;
				CLANG_WARN_EMPTY_BODY = YES;
				CLANG_WARN_ENUM_CONVERSION = YES;
				CLANG_WARN_INFINITE_RECURSION = YES;
				CLANG_WARN_INT_CONVERSION = YES;
				CLANG_WARN_NON_LITERAL_NULL_CONVERSION = YES;
				CLANG_WARN_OBJC_LITERAL_CONVERSION = YES;
				CLANG_WARN_OBJC_ROOT_CLASS = YES_ERROR;
				CLANG_WARN_RANGE_LOOP_ANALYSIS = YES;
				CLANG_WARN_STRICT_PROTOTYPES = YES;
				CLANG_WARN_SUSPICIOUS_MOVE = YES;
				CLANG_WARN_UNGUARDED_AVAILABILITY = YES_AGGRESSIVE;
				CLANG_WARN_UNREACHABLE_CODE = YES;
				CLANG_WARN__DUPLICATE_METHOD_MATCH = YES;
				CODE_SIGN_IDENTITY = "iPhone Developer";
				COPY_PHASE_STRIP = NO;
				DEBUG_INFORMATION_FORMAT = dwarf;
				ENABLE_STRICT_OBJC_MSGSEND = YES;
				ENABLE_TESTABILITY = YES;
				GCC_C_LANGUAGE_STANDARD = gnu11;
				GCC_DYNAMIC_NO_PIC = NO;
				GCC_NO_COMMON_BLOCKS = YES;
				GCC_OPTIMIZATION_LEVEL = 0;
				GCC_PREPROCESSOR_DEFINITIONS = (
					"DEBUG=1",
					"$(inherited)",
				);
				GCC_WARN_64_TO_32_BIT_CONVERSION = YES;
				GCC_WARN_ABOUT_RETURN_TYPE = YES_ERROR;
				GCC_WARN_UNDECLARED_SELECTOR = YES;
				GCC_WARN_UNINITIALIZED_AUTOS = YES_AGGRESSIVE;
				GCC_WARN_UNUSED_FUNCTION = YES;
				GCC_WARN_UNUSED_VARIABLE = YES;
				IPHONEOS_DEPLOYMENT_TARGET = 11.2;
				MTL_ENABLE_DEBUG_INFO = YES;
				ONLY_ACTIVE_ARCH = YES;
				SDKROOT = iphoneos;
				SWIFT_ACTIVE_COMPILATION_CONDITIONS = DEBUG;
				SWIFT_OPTIMIZATION_LEVEL = "-Onone";
			};
			name = Debug;
		};
		0E85F215200149F900DA569E /* Release */ = {
			isa = XCBuildConfiguration;
			buildSettings = {
				ALWAYS_SEARCH_USER_PATHS = NO;
				CLANG_ANALYZER_NONNULL = YES;
				CLANG_ANALYZER_NUMBER_OBJECT_CONVERSION = YES_AGGRESSIVE;
				CLANG_CXX_LANGUAGE_STANDARD = "gnu++14";
				CLANG_CXX_LIBRARY = "libc++";
				CLANG_ENABLE_MODULES = YES;
				CLANG_ENABLE_OBJC_ARC = YES;
				CLANG_WARN_BLOCK_CAPTURE_AUTORELEASING = YES;
				CLANG_WARN_BOOL_CONVERSION = YES;
				CLANG_WARN_COMMA = YES;
				CLANG_WARN_CONSTANT_CONVERSION = YES;
				CLANG_WARN_DIRECT_OBJC_ISA_USAGE = YES_ERROR;
				CLANG_WARN_DOCUMENTATION_COMMENTS = YES;
				CLANG_WARN_EMPTY_BODY = YES;
				CLANG_WARN_ENUM_CONVERSION = YES;
				CLANG_WARN_INFINITE_RECURSION = YES;
				CLANG_WARN_INT_CONVERSION = YES;
				CLANG_WARN_NON_LITERAL_NULL_CONVERSION = YES;
				CLANG_WARN_OBJC_LITERAL_CONVERSION = YES;
				CLANG_WARN_OBJC_ROOT_CLASS = YES_ERROR;
				CLANG_WARN_RANGE_LOOP_ANALYSIS = YES;
				CLANG_WARN_STRICT_PROTOTYPES = YES;
				CLANG_WARN_SUSPICIOUS_MOVE = YES;
				CLANG_WARN_UNGUARDED_AVAILABILITY = YES_AGGRESSIVE;
				CLANG_WARN_UNREACHABLE_CODE = YES;
				CLANG_WARN__DUPLICATE_METHOD_MATCH = YES;
				CODE_SIGN_IDENTITY = "iPhone Developer";
				COPY_PHASE_STRIP = NO;
				DEBUG_INFORMATION_FORMAT = "dwarf-with-dsym";
				ENABLE_NS_ASSERTIONS = NO;
				ENABLE_STRICT_OBJC_MSGSEND = YES;
				GCC_C_LANGUAGE_STANDARD = gnu11;
				GCC_NO_COMMON_BLOCKS = YES;
				GCC_WARN_64_TO_32_BIT_CONVERSION = YES;
				GCC_WARN_ABOUT_RETURN_TYPE = YES_ERROR;
				GCC_WARN_UNDECLARED_SELECTOR = YES;
				GCC_WARN_UNINITIALIZED_AUTOS = YES_AGGRESSIVE;
				GCC_WARN_UNUSED_FUNCTION = YES;
				GCC_WARN_UNUSED_VARIABLE = YES;
				IPHONEOS_DEPLOYMENT_TARGET = 11.2;
				MTL_ENABLE_DEBUG_INFO = NO;
				SDKROOT = iphoneos;
				SWIFT_OPTIMIZATION_LEVEL = "-Owholemodule";
				VALIDATE_PRODUCT = YES;
			};
			name = Release;
		};
		0E85F217200149F900DA569E /* Debug */ = {
			isa = XCBuildConfiguration;
			baseConfigurationReference = F34F821DBAB581A2BFD3F4DD /* Pods-SlimeSoccer.debug.xcconfig */;
			buildSettings = {
				ASSETCATALOG_COMPILER_APPICON_NAME = AppIcon;
				CODE_SIGN_STYLE = Automatic;
				DEVELOPMENT_TEAM = 89VZ93N688;
				INFOPLIST_FILE = SlimeSoccer/Info.plist;
				LD_RUNPATH_SEARCH_PATHS = "$(inherited) @executable_path/Frameworks";
				PRODUCT_BUNDLE_IDENTIFIER = com.coletiv.SlimeSoccer;
				PRODUCT_NAME = "$(TARGET_NAME)";
				SWIFT_VERSION = 3.0;
				TARGETED_DEVICE_FAMILY = "1,2";
			};
			name = Debug;
		};
		0E85F218200149F900DA569E /* Release */ = {
			isa = XCBuildConfiguration;
			baseConfigurationReference = 9C2AB539A1C81096E125412F /* Pods-SlimeSoccer.release.xcconfig */;
			buildSettings = {
				ASSETCATALOG_COMPILER_APPICON_NAME = AppIcon;
				CODE_SIGN_STYLE = Automatic;
				DEVELOPMENT_TEAM = 89VZ93N688;
				INFOPLIST_FILE = SlimeSoccer/Info.plist;
				LD_RUNPATH_SEARCH_PATHS = "$(inherited) @executable_path/Frameworks";
				PRODUCT_BUNDLE_IDENTIFIER = com.coletiv.SlimeSoccer;
				PRODUCT_NAME = "$(TARGET_NAME)";
				SWIFT_VERSION = 3.0;
				TARGETED_DEVICE_FAMILY = "1,2";
			};
			name = Release;
		};
/* End XCBuildConfiguration section */

/* Begin XCConfigurationList section */
		0E85F1FF200149F900DA569E /* Build configuration list for PBXProject "SlimeSoccer" */ = {
			isa = XCConfigurationList;
			buildConfigurations = (
				0E85F214200149F900DA569E /* Debug */,
				0E85F215200149F900DA569E /* Release */,
			);
			defaultConfigurationIsVisible = 0;
			defaultConfigurationName = Release;
		};
		0E85F216200149F900DA569E /* Build configuration list for PBXNativeTarget "SlimeSoccer" */ = {
			isa = XCConfigurationList;
			buildConfigurations = (
				0E85F217200149F900DA569E /* Debug */,
				0E85F218200149F900DA569E /* Release */,
			);
			defaultConfigurationIsVisible = 0;
			defaultConfigurationName = Release;
		};
/* End XCConfigurationList section */
	};
	rootObject = 0E85F1FC200149F900DA569E /* Project object */;
}
